<?xml version="1.0" encoding="utf-8"?>
<Project ToolsVersion="4.0" xmlns="http://schemas.microsoft.com/developer/msbuild/2003">
  <ItemGroup>
    <Filter Include="Source Files">
      <UniqueIdentifier>{4FC737F1-C7A5-4376-A066-2A32D752A2FF}</UniqueIdentifier>
      <Extensions>cpp;c;cc;cxx;def;odl;idl;hpj;bat;asm;asmx</Extensions>
    </Filter>
    <Filter Include="Header Files">
      <UniqueIdentifier>{93995380-89BD-4b04-88EB-625FBE52EBFB}</UniqueIdentifier>
      <Extensions>h;hh;hpp;hxx;hm;inl;inc;ipp;xsd</Extensions>
    </Filter>
    <Filter Include="Resource Files">
      <UniqueIdentifier>{67DA6AB6-F800-4c08-8B7A-83BB121AAD01}</UniqueIdentifier>
      <Extensions>rc;ico;cur;bmp;dlg;rc2;rct;bin;rgs;gif;jpg;jpeg;jpe;resx;tiff;tif;png;wav;mfcribbon-ms</Extensions>
    </Filter>
    <Filter Include="Header Files\Components">
      <UniqueIdentifier>{6556a989-28b3-40c3-abe1-6c544ae11395}</UniqueIdentifier>
    </Filter>
    <Filter Include="Header Files\Systems">
      <UniqueIdentifier>{195c1aa8-342f-4875-a043-5285f02fd0b5}</UniqueIdentifier>
    </Filter>
    <Filter Include="Source Files\Systems">
      <UniqueIdentifier>{31d43af6-79a8-487e-8ced-64d983127442}</UniqueIdentifier>
    </Filter>
    <Filter Include="Source Files\Components">
      <UniqueIdentifier>{4bba72c8-8476-4fb9-adc6-0b34833a4b30}</UniqueIdentifier>
    </Filter>
    <Filter Include="Header Files\Systems\AISystems">
      <UniqueIdentifier>{90da1bd8-3f71-4c83-b4d6-3afb33f9dc78}</UniqueIdentifier>
    </Filter>
    <Filter Include="Source Files\Systems\AISystems">
      <UniqueIdentifier>{17447020-02ef-4434-b631-7a8ee1ffbbc8}</UniqueIdentifier>
    </Filter>
    <Filter Include="Header Files\Components\AIComponents">
      <UniqueIdentifier>{b2b173d2-2692-47ae-8a8a-ca87057282e7}</UniqueIdentifier>
    </Filter>
    <Filter Include="Header Files\Systems\AttackSystems">
      <UniqueIdentifier>{a2708a08-ea8a-4102-861e-e71f861a623c}</UniqueIdentifier>
    </Filter>
    <Filter Include="Source Files\Systems\AttackSystems">
      <UniqueIdentifier>{a1dfcd73-eaf0-4079-9f93-7c9f918b4a13}</UniqueIdentifier>
    </Filter>
    <Filter Include="Header Files\Systems\PlayerSystems">
      <UniqueIdentifier>{f22bae49-e6e8-400c-8968-b0ca7b3f7fbe}</UniqueIdentifier>
    </Filter>
    <Filter Include="Source Files\Systems\PlayerSystems">
      <UniqueIdentifier>{2e0abf90-1429-48d2-92e5-0bd974336c4b}</UniqueIdentifier>
    </Filter>
    <Filter Include="Header Files\Systems\LocomotionSystems">
      <UniqueIdentifier>{559ad6c2-a24e-4e85-9dbc-93a1145aba8d}</UniqueIdentifier>
    </Filter>
    <Filter Include="Source Files\Systems\LocomotionSystems">
      <UniqueIdentifier>{1b74d614-ced5-44a0-8ade-2c8af3417ef9}</UniqueIdentifier>
    </Filter>
    <Filter Include="Header Files\Components\Views">
      <UniqueIdentifier>{680b03b8-b753-45c8-b7ca-5c2debc13b2e}</UniqueIdentifier>
    </Filter>
    <Filter Include="Source Files\Components\Views">
      <UniqueIdentifier>{47b7a400-014c-44f6-9847-00ac852847c8}</UniqueIdentifier>
    </Filter>
    <Filter Include="Header Files\Components\Views\AttackViews">
      <UniqueIdentifier>{8f4dc712-1800-4276-b71b-a1b40f23fe5f}</UniqueIdentifier>
    </Filter>
    <Filter Include="Source Files\Components\Views\AttackViews">
      <UniqueIdentifier>{9a20a15c-3d9f-4f73-8ae9-238da5fcf2ff}</UniqueIdentifier>
    </Filter>
    <Filter Include="Header Files\Components\Views\LocomotionViews">
      <UniqueIdentifier>{2f9e01d4-72d9-4238-bf76-42c9ae83de8e}</UniqueIdentifier>
    </Filter>
    <Filter Include="Source Files\Components\Views\LocomotionViews">
      <UniqueIdentifier>{93f22394-a639-4828-9e25-096ca14494f0}</UniqueIdentifier>
    </Filter>
  </ItemGroup>
  <ItemGroup>
    <ClCompile Include="GodotLibrary.cpp">
      <Filter>Source Files</Filter>
    </ClCompile>
    <ClCompile Include="Systems\DestroyDeadSystem.cpp">
      <Filter>Source Files\Systems</Filter>
    </ClCompile>
    <ClCompile Include="ECSWorld.cpp">
      <Filter>Source Files</Filter>
    </ClCompile>
    <ClCompile Include="Utils.cpp">
      <Filter>Source Files</Filter>
    </ClCompile>
    <ClCompile Include="Systems\SimpleFollowSystem.cpp">
      <Filter>Source Files\Systems</Filter>
    </ClCompile>
    <ClCompile Include="Systems\WeaponChooseSystem.cpp">
      <Filter>Source Files\Systems</Filter>
    </ClCompile>
    <ClCompile Include="Components\Throwable.cpp">
      <Filter>Source Files\Components</Filter>
    </ClCompile>
    <ClCompile Include="Systems\AISystems\NavAgentSystem.cpp">
      <Filter>Source Files\Systems\AISystems</Filter>
    </ClCompile>
    <ClCompile Include="Systems\AttackSystems\CastAttackSystem.cpp">
      <Filter>Source Files\Systems\AttackSystems</Filter>
    </ClCompile>
    <ClCompile Include="Systems\AttackSystems\MeleeAttackSystem.cpp">
      <Filter>Source Files\Systems\AttackSystems</Filter>
    </ClCompile>
    <ClCompile Include="Systems\AttackSystems\ThrowableWeaponSystem.cpp">
      <Filter>Source Files\Systems\AttackSystems</Filter>
    </ClCompile>
    <ClCompile Include="Systems\AttackSystems\ThrowAttackSystem.cpp">
      <Filter>Source Files\Systems\AttackSystems</Filter>
    </ClCompile>
    <ClCompile Include="Systems\PlayerSystems\PlayerInputSystem.cpp">
      <Filter>Source Files\Systems\PlayerSystems</Filter>
    </ClCompile>
    <ClCompile Include="Systems\PlayerSystems\PlayerRotationSystem.cpp">
      <Filter>Source Files\Systems\PlayerSystems</Filter>
    </ClCompile>
    <ClCompile Include="Systems\PlayerSystems\PlayerVelocitySystem.cpp">
      <Filter>Source Files\Systems\PlayerSystems</Filter>
    </ClCompile>
    <ClCompile Include="Systems\LocomotionSystems\GravitySystem.cpp">
      <Filter>Source Files\Systems\LocomotionSystems</Filter>
    </ClCompile>
    <ClCompile Include="Systems\LocomotionSystems\JumpSystem.cpp">
      <Filter>Source Files\Systems\LocomotionSystems</Filter>
    </ClCompile>
    <ClCompile Include="Systems\LocomotionSystems\KinematicMovementSystem.cpp">
      <Filter>Source Files\Systems\LocomotionSystems</Filter>
    </ClCompile>
    <ClCompile Include="Components\Views\EntityView.cpp">
      <Filter>Source Files\Components\Views</Filter>
    </ClCompile>
    <ClCompile Include="Components\Views\AttackViews\MeleeAttackView.cpp">
      <Filter>Source Files\Components\Views\AttackViews</Filter>
    </ClCompile>
    <ClCompile Include="Components\Views\AttackViews\CastAttackView.cpp">
      <Filter>Source Files\Components\Views\AttackViews</Filter>
    </ClCompile>
    <ClCompile Include="Components\Views\AttackViews\ThrowableAttackView.cpp">
      <Filter>Source Files\Components\Views\AttackViews</Filter>
    </ClCompile>
    <ClCompile Include="Components\Views\HealthView.cpp">
      <Filter>Source Files\Components\Views</Filter>
    </ClCompile>
    <ClCompile Include="Components\Views\LocomotionViews\GravityView.cpp">
      <Filter>Source Files\Components\Views\LocomotionViews</Filter>
    </ClCompile>
    <ClCompile Include="Components\Views\LocomotionViews\JumpSpeedView.cpp">
      <Filter>Source Files\Components\Views\LocomotionViews</Filter>
    </ClCompile>
    <ClCompile Include="Components\Views\LocomotionViews\SpeedView.cpp">
      <Filter>Source Files\Components\Views\LocomotionViews</Filter>
    </ClCompile>
  </ItemGroup>
  <ItemGroup>
    <ClInclude Include="Components\SimpleComponents.h">
      <Filter>Header Files\Components</Filter>
    </ClInclude>
    <ClInclude Include="Systems\BaseSystem.h">
      <Filter>Header Files\Systems</Filter>
    </ClInclude>
    <ClInclude Include="Components\Enemy.h">
      <Filter>Header Files\Components</Filter>
    </ClInclude>
    <ClInclude Include="Systems\DestroyDeadSystem.h">
      <Filter>Header Files\Systems</Filter>
    </ClInclude>
    <ClInclude Include="ECSWorld.h">
      <Filter>Header Files</Filter>
    </ClInclude>
    <ClInclude Include="Utils.h">
      <Filter>Header Files</Filter>
    </ClInclude>
    <ClInclude Include="Systems\SimpleFollowSystem.h">
      <Filter>Header Files\Systems</Filter>
    </ClInclude>
    <ClInclude Include="Components\InputComponents.h">
      <Filter>Header Files\Components</Filter>
    </ClInclude>
    <ClInclude Include="Components\AttackComponents.h">
      <Filter>Header Files\Components</Filter>
    </ClInclude>
    <ClInclude Include="Systems\WeaponChooseSystem.h">
      <Filter>Header Files\Systems</Filter>
    </ClInclude>
    <ClInclude Include="Components\Throwable.h">
      <Filter>Header Files\Components</Filter>
    </ClInclude>
    <ClInclude Include="Systems\AISystems\NavAgentSystem.h">
      <Filter>Header Files\Systems\AISystems</Filter>
    </ClInclude>
    <ClInclude Include="Components\AIComponents\NavigationComponents.h">
      <Filter>Header Files\Components\AIComponents</Filter>
    </ClInclude>
    <ClInclude Include="Systems\AttackSystems\CastAttackSystem.h">
      <Filter>Header Files\Systems\AttackSystems</Filter>
    </ClInclude>
    <ClInclude Include="Systems\AttackSystems\MeleeAttackSystem.h">
      <Filter>Header Files\Systems\AttackSystems</Filter>
    </ClInclude>
    <ClInclude Include="Systems\AttackSystems\ThrowableWeaponSystem.h">
      <Filter>Header Files\Systems\AttackSystems</Filter>
    </ClInclude>
    <ClInclude Include="Systems\AttackSystems\ThrowAttackSystem.h">
      <Filter>Header Files\Systems\AttackSystems</Filter>
    </ClInclude>
    <ClInclude Include="Systems\PlayerSystems\PlayerInputSystem.h">
      <Filter>Header Files\Systems\PlayerSystems</Filter>
    </ClInclude>
    <ClInclude Include="Systems\PlayerSystems\PlayerRotationSystem.h">
      <Filter>Header Files\Systems\PlayerSystems</Filter>
    </ClInclude>
    <ClInclude Include="Systems\PlayerSystems\PlayerVelocitySystem.h">
      <Filter>Header Files\Systems\PlayerSystems</Filter>
    </ClInclude>
    <ClInclude Include="Systems\LocomotionSystems\GravitySystem.h">
      <Filter>Header Files\Systems\LocomotionSystems</Filter>
    </ClInclude>
    <ClInclude Include="Systems\LocomotionSystems\JumpSystem.h">
      <Filter>Header Files\Systems\LocomotionSystems</Filter>
    </ClInclude>
    <ClInclude Include="Systems\LocomotionSystems\KinematicMovementSystem.h">
      <Filter>Header Files\Systems\LocomotionSystems</Filter>
    </ClInclude>
    <ClInclude Include="Components\Views\EntityView.h">
      <Filter>Header Files\Components\Views</Filter>
    </ClInclude>
    <ClInclude Include="Components\Views\ComponentView.h">
      <Filter>Header Files\Components\Views</Filter>
    </ClInclude>
    <ClInclude Include="Components\Views\AttackViews\MeleeAttackView.h">
      <Filter>Header Files\Components\Views\AttackViews</Filter>
    </ClInclude>
    <ClInclude Include="Components\Views\AttackViews\CastAttackView.h">
      <Filter>Header Files\Components\Views\AttackViews</Filter>
    </ClInclude>
    <ClInclude Include="Components\Views\AttackViews\ThrowableAttackView.h">
      <Filter>Header Files\Components\Views\AttackViews</Filter>
    </ClInclude>
    <ClInclude Include="Components\Views\HealthView.h">
      <Filter>Header Files\Components\Views</Filter>
    </ClInclude>
    <ClInclude Include="Components\Views\LocomotionViews\GravityView.h">
      <Filter>Header Files\Components\Views\LocomotionViews</Filter>
    </ClInclude>
    <ClInclude Include="Components\Views\LocomotionViews\JumpSpeedView.h">
      <Filter>Header Files\Components\Views\LocomotionViews</Filter>
    </ClInclude>
    <ClInclude Include="Components\Views\LocomotionViews\SpeedView.h">
      <Filter>Header Files\Components\Views\LocomotionViews</Filter>
    </ClInclude>
  </ItemGroup>
</Project>