<?xml version="1.0" encoding="utf-8"?>
<Project ToolsVersion="4.0" xmlns="http://schemas.microsoft.com/developer/msbuild/2003">
  <ItemGroup>
    <Filter Include="Source Files">
      <UniqueIdentifier>{4FC737F1-C7A5-4376-A066-2A32D752A2FF}</UniqueIdentifier>
      <Extensions>cpp;c;cc;cxx;def;odl;idl;hpj;bat;asm;asmx</Extensions>
    </Filter>
    <Filter Include="Header Files">
      <UniqueIdentifier>{93995380-89BD-4b04-88EB-625FBE52EBFB}</UniqueIdentifier>
      <Extensions>h;hh;hpp;hxx;hm;inl;inc;ipp;xsd</Extensions>
    </Filter>
    <Filter Include="Resource Files">
      <UniqueIdentifier>{67DA6AB6-F800-4c08-8B7A-83BB121AAD01}</UniqueIdentifier>
      <Extensions>rc;ico;cur;bmp;dlg;rc2;rct;bin;rgs;gif;jpg;jpeg;jpe;resx;tiff;tif;png;wav;mfcribbon-ms</Extensions>
    </Filter>
    <Filter Include="Header Files\Components">
      <UniqueIdentifier>{6556a989-28b3-40c3-abe1-6c544ae11395}</UniqueIdentifier>
    </Filter>
    <Filter Include="Header Files\Systems">
      <UniqueIdentifier>{195c1aa8-342f-4875-a043-5285f02fd0b5}</UniqueIdentifier>
    </Filter>
    <Filter Include="Source Files\Systems">
      <UniqueIdentifier>{31d43af6-79a8-487e-8ced-64d983127442}</UniqueIdentifier>
    </Filter>
    <Filter Include="Header Files\Systems\AISystems">
      <UniqueIdentifier>{90da1bd8-3f71-4c83-b4d6-3afb33f9dc78}</UniqueIdentifier>
    </Filter>
    <Filter Include="Source Files\Systems\AISystems">
      <UniqueIdentifier>{17447020-02ef-4434-b631-7a8ee1ffbbc8}</UniqueIdentifier>
    </Filter>
    <Filter Include="Header Files\Components\AIComponents">
      <UniqueIdentifier>{b2b173d2-2692-47ae-8a8a-ca87057282e7}</UniqueIdentifier>
    </Filter>
    <Filter Include="Header Files\Systems\AttackSystems">
      <UniqueIdentifier>{a2708a08-ea8a-4102-861e-e71f861a623c}</UniqueIdentifier>
    </Filter>
    <Filter Include="Source Files\Systems\AttackSystems">
      <UniqueIdentifier>{a1dfcd73-eaf0-4079-9f93-7c9f918b4a13}</UniqueIdentifier>
    </Filter>
    <Filter Include="Header Files\Systems\PlayerSystems">
      <UniqueIdentifier>{f22bae49-e6e8-400c-8968-b0ca7b3f7fbe}</UniqueIdentifier>
    </Filter>
    <Filter Include="Source Files\Systems\PlayerSystems">
      <UniqueIdentifier>{2e0abf90-1429-48d2-92e5-0bd974336c4b}</UniqueIdentifier>
    </Filter>
    <Filter Include="Header Files\Systems\LocomotionSystems">
      <UniqueIdentifier>{559ad6c2-a24e-4e85-9dbc-93a1145aba8d}</UniqueIdentifier>
    </Filter>
    <Filter Include="Source Files\Systems\LocomotionSystems">
      <UniqueIdentifier>{1b74d614-ced5-44a0-8ade-2c8af3417ef9}</UniqueIdentifier>
    </Filter>
    <Filter Include="Header Files\Utils">
      <UniqueIdentifier>{47be7515-d603-41ce-9d89-a42ca233f5c7}</UniqueIdentifier>
    </Filter>
    <Filter Include="Source Files\Utils">
      <UniqueIdentifier>{8adc3a64-b257-43ab-ad38-c53a63943e83}</UniqueIdentifier>
    </Filter>
    <Filter Include="Header Files\Nodes">
      <UniqueIdentifier>{2fd369f7-adb1-4833-921b-a3d05e7edb2d}</UniqueIdentifier>
    </Filter>
    <Filter Include="Source Files\Nodes">
      <UniqueIdentifier>{ec7b74e6-4350-4d13-8ba1-64d1fa2529fd}</UniqueIdentifier>
    </Filter>
    <Filter Include="Header Files\Systems\AnimSystems">
      <UniqueIdentifier>{1975e70a-a12a-44b5-9d92-ac1a4e68010a}</UniqueIdentifier>
    </Filter>
    <Filter Include="Source Files\Systems\AnimSystems">
      <UniqueIdentifier>{afb7192c-7223-4e1b-8235-d4ae0e69152a}</UniqueIdentifier>
    </Filter>
    <Filter Include="Header Files\Systems\AISystems\DecisionMaking">
      <UniqueIdentifier>{31fe873d-6e3d-46eb-b2c2-c5707461a648}</UniqueIdentifier>
    </Filter>
    <Filter Include="Source Files\Systems\AISystems\DecisionMaking">
      <UniqueIdentifier>{6f3508e2-3c73-4fc5-81d6-1551a9f95a0d}</UniqueIdentifier>
    </Filter>
    <Filter Include="Header Files\ReactiveSystems">
      <UniqueIdentifier>{8813a17f-c695-44eb-a748-b0485b887687}</UniqueIdentifier>
    </Filter>
    <Filter Include="Source Files\ReactiveSystems">
      <UniqueIdentifier>{9532601f-8cf3-4bea-a55d-3882fd5a35ae}</UniqueIdentifier>
    </Filter>
    <Filter Include="Source Files\Systems\AttackSystems\Melee">
      <UniqueIdentifier>{b4f5f4d0-86ec-48f8-93c5-415111a56dbb}</UniqueIdentifier>
    </Filter>
    <Filter Include="Header Files\Systems\AttackSystems\Melee">
      <UniqueIdentifier>{0d7b59a3-4293-4213-b7a6-224479622122}</UniqueIdentifier>
    </Filter>
  </ItemGroup>
  <ItemGroup>
    <ClCompile Include="GodotLibrary.cpp">
      <Filter>Source Files</Filter>
    </ClCompile>
    <ClCompile Include="Systems\DestroyDeadSystem.cpp">
      <Filter>Source Files\Systems</Filter>
    </ClCompile>
    <ClCompile Include="ECSWorld.cpp">
      <Filter>Source Files</Filter>
    </ClCompile>
    <ClCompile Include="Systems\AISystems\NavAgentSystem.cpp">
      <Filter>Source Files\Systems\AISystems</Filter>
    </ClCompile>
    <ClCompile Include="Systems\PlayerSystems\PlayerInputSystem.cpp">
      <Filter>Source Files\Systems\PlayerSystems</Filter>
    </ClCompile>
    <ClCompile Include="Systems\LocomotionSystems\GravitySystem.cpp">
      <Filter>Source Files\Systems\LocomotionSystems</Filter>
    </ClCompile>
    <ClCompile Include="Systems\LocomotionSystems\KinematicMovementSystem.cpp">
      <Filter>Source Files\Systems\LocomotionSystems</Filter>
    </ClCompile>
    <ClCompile Include="Systems\LocomotionSystems\LookAtSystem.cpp">
      <Filter>Source Files\Systems\LocomotionSystems</Filter>
    </ClCompile>
    <ClCompile Include="Systems\AISystems\PursuingSystem.cpp">
      <Filter>Source Files\Systems\AISystems</Filter>
    </ClCompile>
    <ClCompile Include="Utils\Utils.cpp">
      <Filter>Source Files\Utils</Filter>
    </ClCompile>
    <ClCompile Include="Systems\AISystems\HealthMonitoringSystem.cpp">
      <Filter>Source Files\Systems\AISystems</Filter>
    </ClCompile>
    <ClCompile Include="Systems\AISystems\FleeingSystem.cpp">
      <Filter>Source Files\Systems\AISystems</Filter>
    </ClCompile>
    <ClCompile Include="Nodes\PickableNode.cpp">
      <Filter>Source Files\Nodes</Filter>
    </ClCompile>
    <ClCompile Include="Nodes\ThrowableWeaponNode.cpp">
      <Filter>Source Files\Nodes</Filter>
    </ClCompile>
    <ClCompile Include="Systems\AnimSystems\LocomotionAnimSystem.cpp">
      <Filter>Source Files\Systems\AnimSystems</Filter>
    </ClCompile>
    <ClCompile Include="Systems\AttackSystems\GrenadeSystem.cpp">
      <Filter>Source Files\Systems\AttackSystems</Filter>
    </ClCompile>
    <ClCompile Include="Systems\AISystems\DecisionMaking\DecisionMakingFSMSystem.cpp">
      <Filter>Source Files\Systems\AISystems\DecisionMaking</Filter>
    </ClCompile>
    <ClCompile Include="Systems\AISystems\DecisionMaking\DecisionMakingHelper.cpp">
      <Filter>Source Files\Systems\AISystems\DecisionMaking</Filter>
    </ClCompile>
    <ClCompile Include="Systems\AISystems\DecisionMaking\FleeStateSystem.cpp">
      <Filter>Source Files\Systems\AISystems\DecisionMaking</Filter>
    </ClCompile>
    <ClCompile Include="Systems\AISystems\DecisionMaking\PatrolStateSystem.cpp">
      <Filter>Source Files\Systems\AISystems\DecisionMaking</Filter>
    </ClCompile>
    <ClCompile Include="Systems\AISystems\DecisionMaking\PursueStateSystem.cpp">
      <Filter>Source Files\Systems\AISystems\DecisionMaking</Filter>
    </ClCompile>
    <ClCompile Include="Systems\AttackSystems\UpdateLockRotationSystem.cpp">
      <Filter>Source Files\Systems\AttackSystems</Filter>
    </ClCompile>
    <ClCompile Include="Systems\AnimSystems\EndAttackAnimSystem.cpp">
      <Filter>Source Files\Systems\AnimSystems</Filter>
    </ClCompile>
    <ClCompile Include="Nodes\EntityView.cpp">
      <Filter>Source Files\Nodes</Filter>
    </ClCompile>
    <ClCompile Include="ReactiveSystems\WeaponChooseRSystem.cpp">
      <Filter>Source Files\ReactiveSystems</Filter>
    </ClCompile>
    <ClCompile Include="Systems\AISystems\ClearBotInputSystem.cpp">
      <Filter>Source Files\Systems\AISystems</Filter>
    </ClCompile>
    <ClCompile Include="Systems\LocomotionSystems\JumpSystem.cpp">
      <Filter>Source Files\Systems\LocomotionSystems</Filter>
    </ClCompile>
    <ClCompile Include="Systems\PlayerSystems\PlayerRotationSystem.cpp">
      <Filter>Source Files\Systems\PlayerSystems</Filter>
    </ClCompile>
    <ClCompile Include="Systems\PlayerSystems\PlayerVelocitySystem.cpp">
      <Filter>Source Files\Systems\PlayerSystems</Filter>
    </ClCompile>
    <ClCompile Include="Systems\AttackSystems\melee\CheckForPileInSystem.cpp">
      <Filter>Source Files\Systems\AttackSystems\Melee</Filter>
    </ClCompile>
    <ClCompile Include="Systems\AttackSystems\melee\IncrementComboSystem.cpp">
      <Filter>Source Files\Systems\AttackSystems\Melee</Filter>
    </ClCompile>
    <ClCompile Include="Systems\AttackSystems\RangedAttackSystem.cpp">
      <Filter>Source Files\Systems\AttackSystems</Filter>
    </ClCompile>
    <ClCompile Include="Systems\AttackSystems\ThrowAttackSystem.cpp">
      <Filter>Source Files\Systems\AttackSystems</Filter>
    </ClCompile>
    <ClCompile Include="Systems\AttackSystems\Melee\ComboDropSystem.cpp">
      <Filter>Source Files\Systems\AttackSystems\Melee</Filter>
    </ClCompile>
    <ClCompile Include="Systems\AttackSystems\Melee\PileInSystem.cpp">
      <Filter>Source Files\Systems\AttackSystems\Melee</Filter>
    </ClCompile>
    <ClCompile Include="Systems\AttackSystems\melee\MeleeAttackCooldownSystem.cpp">
      <Filter>Source Files\Systems\AttackSystems\Melee</Filter>
    </ClCompile>
    <ClCompile Include="Systems\AttackSystems\melee\MeleeAnimSystem.cpp">
      <Filter>Source Files\Systems\AttackSystems\Melee</Filter>
    </ClCompile>
    <ClCompile Include="Systems\AttackSystems\melee\MeleeLockTargetSystem.cpp">
      <Filter>Source Files\Systems\AttackSystems\Melee</Filter>
    </ClCompile>
    <ClCompile Include="Systems\AISystems\DecisionMaking\MeleeStateSystem.cpp">
      <Filter>Source Files\Systems\AISystems\DecisionMaking</Filter>
    </ClCompile>
    <ClCompile Include="Nodes\MeleeDamagingArea.cpp">
      <Filter>Source Files\Nodes</Filter>
    </ClCompile>
  </ItemGroup>
  <ItemGroup>
    <ClInclude Include="Components\SimpleComponents.h">
      <Filter>Header Files\Components</Filter>
    </ClInclude>
    <ClInclude Include="Systems\BaseSystem.h">
      <Filter>Header Files\Systems</Filter>
    </ClInclude>
    <ClInclude Include="Systems\DestroyDeadSystem.h">
      <Filter>Header Files\Systems</Filter>
    </ClInclude>
    <ClInclude Include="ECSWorld.h">
      <Filter>Header Files</Filter>
    </ClInclude>
    <ClInclude Include="Components\InputComponents.h">
      <Filter>Header Files\Components</Filter>
    </ClInclude>
    <ClInclude Include="Components\AttackComponents.h">
      <Filter>Header Files\Components</Filter>
    </ClInclude>
    <ClInclude Include="Systems\AISystems\NavAgentSystem.h">
      <Filter>Header Files\Systems\AISystems</Filter>
    </ClInclude>
    <ClInclude Include="Components\AIComponents\NavigationComponents.h">
      <Filter>Header Files\Components\AIComponents</Filter>
    </ClInclude>
    <ClInclude Include="Systems\PlayerSystems\PlayerInputSystem.h">
      <Filter>Header Files\Systems\PlayerSystems</Filter>
    </ClInclude>
    <ClInclude Include="Systems\LocomotionSystems\GravitySystem.h">
      <Filter>Header Files\Systems\LocomotionSystems</Filter>
    </ClInclude>
    <ClInclude Include="Systems\LocomotionSystems\KinematicMovementSystem.h">
      <Filter>Header Files\Systems\LocomotionSystems</Filter>
    </ClInclude>
    <ClInclude Include="Systems\LocomotionSystems\LookAtSystem.h">
      <Filter>Header Files\Systems\LocomotionSystems</Filter>
    </ClInclude>
    <ClInclude Include="Components\AIComponents\PatrolComponents.h">
      <Filter>Header Files\Components\AIComponents</Filter>
    </ClInclude>
    <ClInclude Include="Systems\AISystems\PursuingSystem.h">
      <Filter>Header Files\Systems\AISystems</Filter>
    </ClInclude>
    <ClInclude Include="Utils\Utils.h">
      <Filter>Header Files\Utils</Filter>
    </ClInclude>
    <ClInclude Include="Components\AIComponents\FSMStateComponents.h">
      <Filter>Header Files\Components\AIComponents</Filter>
    </ClInclude>
    <ClInclude Include="Systems\AISystems\HealthMonitoringSystem.h">
      <Filter>Header Files\Systems\AISystems</Filter>
    </ClInclude>
    <ClInclude Include="Systems\AISystems\FleeingSystem.h">
      <Filter>Header Files\Systems\AISystems</Filter>
    </ClInclude>
    <ClInclude Include="Nodes\PickableNode.h">
      <Filter>Header Files\Nodes</Filter>
    </ClInclude>
    <ClInclude Include="Nodes\ThrowableWeaponNode.h">
      <Filter>Header Files\Nodes</Filter>
    </ClInclude>
    <ClInclude Include="Systems\AnimSystems\LocomotionAnimSystem.h">
      <Filter>Header Files\Systems\AnimSystems</Filter>
    </ClInclude>
    <ClInclude Include="Singleton.h">
      <Filter>Header Files</Filter>
    </ClInclude>
    <ClInclude Include="Systems\AttackSystems\GrenadeSystem.h">
      <Filter>Header Files\Systems\AttackSystems</Filter>
    </ClInclude>
    <ClInclude Include="Components\ComponentsMeta.h">
      <Filter>Header Files\Components</Filter>
    </ClInclude>
    <ClInclude Include="Nodes\EntityView.h">
      <Filter>Header Files\Nodes</Filter>
    </ClInclude>
    <ClInclude Include="Systems\AISystems\DecisionMaking\DecisionMakingFSMSystem.h">
      <Filter>Header Files\Systems\AISystems\DecisionMaking</Filter>
    </ClInclude>
    <ClInclude Include="Systems\AISystems\DecisionMaking\DecisionMakingHelper.h">
      <Filter>Header Files\Systems\AISystems\DecisionMaking</Filter>
    </ClInclude>
    <ClInclude Include="Systems\AISystems\DecisionMaking\FleeStateSystem.h">
      <Filter>Header Files\Systems\AISystems\DecisionMaking</Filter>
    </ClInclude>
    <ClInclude Include="Systems\AISystems\DecisionMaking\PatrolStateSystem.h">
      <Filter>Header Files\Systems\AISystems\DecisionMaking</Filter>
    </ClInclude>
    <ClInclude Include="Systems\AISystems\DecisionMaking\PursueStateSystem.h">
      <Filter>Header Files\Systems\AISystems\DecisionMaking</Filter>
    </ClInclude>
    <ClInclude Include="Systems\AttackSystems\UpdateLockRotationSystem.h">
      <Filter>Header Files\Systems\AttackSystems</Filter>
    </ClInclude>
    <ClInclude Include="Systems\AnimSystems\EndAttackAnimSystem.h">
      <Filter>Header Files\Systems\AnimSystems</Filter>
    </ClInclude>
    <ClInclude Include="ReactiveSystems\WeaponChooseRSystem.h">
      <Filter>Header Files\ReactiveSystems</Filter>
    </ClInclude>
    <ClInclude Include="Systems\AISystems\ClearBotInputSystem.h">
      <Filter>Header Files\Systems\AISystems</Filter>
    </ClInclude>
    <ClInclude Include="Systems\LocomotionSystems\JumpSystem.h">
      <Filter>Header Files\Systems\LocomotionSystems</Filter>
    </ClInclude>
    <ClInclude Include="Systems\PlayerSystems\PlayerRotationSystem.h">
      <Filter>Header Files\Systems\PlayerSystems</Filter>
    </ClInclude>
    <ClInclude Include="Systems\PlayerSystems\PlayerVelocitySystem.h">
      <Filter>Header Files\Systems\PlayerSystems</Filter>
    </ClInclude>
    <ClInclude Include="Systems\AttackSystems\Melee\CheckForPileInSystem.h">
      <Filter>Header Files\Systems\AttackSystems\Melee</Filter>
    </ClInclude>
    <ClInclude Include="Systems\AttackSystems\Melee\IncrementComboSystem.h">
      <Filter>Header Files\Systems\AttackSystems\Melee</Filter>
    </ClInclude>
    <ClInclude Include="Systems\AttackSystems\RangedAttackSystem.h">
      <Filter>Header Files\Systems\AttackSystems</Filter>
    </ClInclude>
    <ClInclude Include="Systems\AttackSystems\ThrowAttackSystem.h">
      <Filter>Header Files\Systems\AttackSystems</Filter>
    </ClInclude>
    <ClInclude Include="Systems\AttackSystems\Melee\ComboDropSystem.h">
      <Filter>Header Files\Systems\AttackSystems\Melee</Filter>
    </ClInclude>
    <ClInclude Include="Systems\AttackSystems\Melee\PileInSystem.h">
      <Filter>Header Files\Systems\AttackSystems\Melee</Filter>
    </ClInclude>
    <ClInclude Include="Systems\AttackSystems\Melee\MeleeAttackCooldownSystem.h">
      <Filter>Header Files\Systems\AttackSystems\Melee</Filter>
    </ClInclude>
    <ClInclude Include="Systems\AttackSystems\Melee\MeleeAnimSystem.h">
      <Filter>Header Files\Systems\AttackSystems\Melee</Filter>
    </ClInclude>
    <ClInclude Include="Systems\AttackSystems\Melee\MeleeLockTargetSystem.h">
      <Filter>Header Files\Systems\AttackSystems\Melee</Filter>
    </ClInclude>
    <ClInclude Include="Systems\AISystems\DecisionMaking\MeleeStateSystem.h">
      <Filter>Header Files\Systems\AISystems\DecisionMaking</Filter>
    </ClInclude>
    <ClInclude Include="Nodes\MeleeDamagingArea.h">
      <Filter>Header Files\Nodes</Filter>
    </ClInclude>
  </ItemGroup>
</Project>